<?xml version="1.0" encoding="utf-8"?>
<Project ToolsVersion="4.0" xmlns="http://schemas.microsoft.com/developer/msbuild/2003">
  <ItemGroup>
    <Filter Include="Source Files">
      <UniqueIdentifier>{4FC737F1-C7A5-4376-A066-2A32D752A2FF}</UniqueIdentifier>
      <Extensions>cpp;c;cc;cxx;c++;cppm;ixx;def;odl;idl;hpj;bat;asm;asmx</Extensions>
    </Filter>
    <Filter Include="Header Files">
      <UniqueIdentifier>{93995380-89BD-4b04-88EB-625FBE52EBFB}</UniqueIdentifier>
      <Extensions>h;hh;hpp;hxx;h++;hm;inl;inc;ipp;xsd</Extensions>
    </Filter>
    <Filter Include="Resource Files">
      <UniqueIdentifier>{67DA6AB6-F800-4c08-8B7A-83BB121AAD01}</UniqueIdentifier>
      <Extensions>rc;ico;cur;bmp;dlg;rc2;rct;bin;rgs;gif;jpg;jpeg;jpe;resx;tiff;tif;png;wav;mfcribbon-ms</Extensions>
    </Filter>
    <Filter Include="Source Files\GMPIhosting">
      <UniqueIdentifier>{731b6074-1620-4114-9c19-a03719a53dfe}</UniqueIdentifier>
    </Filter>
  </ItemGroup>
  <ItemGroup>
    <ClInclude Include="framework.h">
      <Filter>Header Files</Filter>
    </ClInclude>
    <ClInclude Include="targetver.h">
      <Filter>Header Files</Filter>
    </ClInclude>
    <ClInclude Include="Resource.h">
      <Filter>Header Files</Filter>
    </ClInclude>
    <ClInclude Include="Standalone.h">
      <Filter>Header Files</Filter>
    </ClInclude>
    <ClInclude Include="..\Shared\DrawingFrame_win32.h">
      <Filter>Source Files\GMPIhosting</Filter>
    </ClInclude>
    <ClInclude Include="..\Shared\DirectXGfx.h">
      <Filter>Source Files\GMPIhosting</Filter>
    </ClInclude>
    <ClInclude Include="..\Shared\gmpi_gui_hosting.h">
      <Filter>Source Files\GMPIhosting</Filter>
    </ClInclude>
    <ClInclude Include="..\Shared\TimerManager.h">
      <Filter>Source Files\GMPIhosting</Filter>
    </ClInclude>
    <ClInclude Include="..\Shared\xplatform.h">
      <Filter>Source Files\GMPIhosting</Filter>
    </ClInclude>
    <ClInclude Include="..\Shared\conversion.h">
      <Filter>Source Files\GMPIhosting</Filter>
    </ClInclude>
    <ClInclude Include="..\Shared\mp_api.h">
      <Filter>Source Files\GMPIhosting</Filter>
    </ClInclude>
    <ClInclude Include="..\Shared\mp_sdk_gui2.h">
      <Filter>Source Files\GMPIhosting</Filter>
    </ClInclude>
    <ClInclude Include="..\Shared\mp_sdk_guid.h">
      <Filter>Source Files\GMPIhosting</Filter>
    </ClInclude>
    <ClInclude Include="..\Shared\mp_sdk_gui.h">
      <Filter>Source Files\GMPIhosting</Filter>
    </ClInclude>
    <ClInclude Include="..\Shared\mp_sdk_audio.h">
      <Filter>Source Files\GMPIhosting</Filter>
    </ClInclude>
    <ClInclude Include="..\Shared\mp_sdk_common.h">
      <Filter>Source Files\GMPIhosting</Filter>
    </ClInclude>
    <ClInclude Include="..\Shared\Drawing_API.h">
      <Filter>Source Files\GMPIhosting</Filter>
    </ClInclude>
    <ClInclude Include="..\Shared\mp_interface_wrapper.h">
      <Filter>Source Files\GMPIhosting</Filter>
    </ClInclude>
    <ClInclude Include="..\Shared\fast_gamma.h">
      <Filter>Source Files\GMPIhosting</Filter>
    </ClInclude>
    <ClInclude Include="..\Shared\xp_dynamic_linking.h">
      <Filter>Source Files\GMPIhosting</Filter>
    </ClInclude>
    <ClInclude Include="..\Shared\mp_gui.h">
      <Filter>Source Files\GMPIhosting</Filter>
    </ClInclude>
    <ClInclude Include="..\Shared\it_enum_list.h">
      <Filter>Source Files\GMPIhosting</Filter>
    </ClInclude>
    <ClInclude Include="..\Shared\se_types.h">
      <Filter>Source Files\GMPIhosting</Filter>
    </ClInclude>
    <ClInclude Include="..\Shared\midi_defs.h">
      <Filter>Source Files\GMPIhosting</Filter>
    </ClInclude>
    <ClInclude Include="..\Shared\IGuiHost2.h">
      <Filter>Source Files\GMPIhosting</Filter>
    </ClInclude>
    <ClInclude Include="..\Shared\RawConversions.h">
      <Filter>Source Files\GMPIhosting</Filter>
    </ClInclude>
    <ClInclude Include="..\Shared\RawView.h">
      <Filter>Source Files\GMPIhosting</Filter>
    </ClInclude>
    <ClInclude Include="..\Shared\BundleInfo.h">
      <Filter>Source Files\GMPIhosting</Filter>
    </ClInclude>
    <ClInclude Include="..\Shared\MyTypeTraits.h">
      <Filter>Source Files\GMPIhosting</Filter>
    </ClInclude>
    <ClInclude Include="..\Shared\IPluginGui.h">
      <Filter>Source Files\GMPIhosting</Filter>
    </ClInclude>
    <ClInclude Include="MainView.h">
      <Filter>Header Files</Filter>
    </ClInclude>
  </ItemGroup>
  <ItemGroup>
    <ClCompile Include="Standalone.cpp">
      <Filter>Source Files</Filter>
    </ClCompile>
    <ClCompile Include="..\Shared\DrawingFrame_win32.cpp">
      <Filter>Source Files\GMPIhosting</Filter>
    </ClCompile>
    <ClCompile Include="..\Shared\DirectXGfx.cpp">
      <Filter>Source Files\GMPIhosting</Filter>
    </ClCompile>
    <ClCompile Include="..\Shared\gmpi_gui_hosting.cpp">
      <Filter>Source Files\GMPIhosting</Filter>
    </ClCompile>
    <ClCompile Include="..\Shared\TimerManager.cpp">
      <Filter>Source Files\GMPIhosting</Filter>
    </ClCompile>
    <ClCompile Include="..\Shared\conversion.cpp">
      <Filter>Source Files\GMPIhosting</Filter>
    </ClCompile>
    <ClCompile Include="..\Shared\mp_sdk_gui.cpp">
      <Filter>Source Files\GMPIhosting</Filter>
    </ClCompile>
    <ClCompile Include="..\Shared\mp_sdk_audio.cpp">
      <Filter>Source Files\GMPIhosting</Filter>
    </ClCompile>
    <ClCompile Include="..\Shared\mp_sdk_common.cpp">
      <Filter>Source Files\GMPIhosting</Filter>
    </ClCompile>
    <ClCompile Include="..\Shared\xp_dynamic_linking.cpp">
      <Filter>Source Files\GMPIhosting</Filter>
    </ClCompile>
    <ClCompile Include="..\Shared\it_enum_list.cpp">
      <Filter>Source Files\GMPIhosting</Filter>
    </ClCompile>
    <ClCompile Include="..\Shared\RawConversions.cpp">
      <Filter>Source Files\GMPIhosting</Filter>
    </ClCompile>
    <ClCompile Include="..\Shared\BundleInfo.cpp">
      <Filter>Source Files\GMPIhosting</Filter>
    </ClCompile>
    <ClCompile Include="..\Shared\MyTypeTraits.cpp">
      <Filter>Source Files\GMPIhosting</Filter>
    </ClCompile>
    <ClCompile Include="..\Shared\IPluginGui.cpp">
      <Filter>Source Files\GMPIhosting</Filter>
    </ClCompile>
    <ClCompile Include="MainView.cpp">
      <Filter>Source Files</Filter>
    </ClCompile>
  </ItemGroup>
  <ItemGroup>
    <ResourceCompile Include="Standalone.rc">
      <Filter>Resource Files</Filter>
    </ResourceCompile>
  </ItemGroup>
  <ItemGroup>
    <Image Include="small.ico">
      <Filter>Resource Files</Filter>
    </Image>
    <Image Include="Standalone.ico">
      <Filter>Resource Files</Filter>
    </Image>
  </ItemGroup>
</Project>